
Microsoft Visual Studio Solution File, Format Version 12.00
# Visual Studio Version 16
VisualStudioVersion = 16.0.30907.101
MinimumVisualStudioVersion = 10.0.40219.1
Project("{8BC9CEB8-8B4A-11D0-8D11-00A0C91BC942}") = "oh_shell", "oh_shell.vcxproj", "{50CFFA65-6057-46AB-8CB6-B0FCA56A6ABC}"
EndProject
Global
	GlobalSection(SolutionConfigurationPlatforms) = preSolution
		Debug|x64 = Debug|x64
		Debug|x86 = Debug|x86
		Release|x64 = Release|x64
		Release|x86 = Release|x86
	EndGlobalSection
	GlobalSection(ProjectConfigurationPlatforms) = postSolution
		{50CFFA65-6057-46AB-8CB6-B0FCA56A6ABC}.Debug|x64.ActiveCfg = Debug|x64
		{50CFFA65-6057-46AB-8CB6-B0FCA56A6ABC}.Debug|x64.Build.0 = Debug|x64
		{50CFFA65-6057-46AB-8CB6-B0FCA56A6ABC}.Debug|x86.ActiveCfg = Debug|Win32
		{50CFFA65-6057-46AB-8CB6-B0FCA56A6ABC}.Debug|x86.Build.0 = Debug|Win32
		{50CFFA65-6057-46AB-8CB6-B0FCA56A6ABC}.Release|x64.ActiveCfg = Release|x64
		{50CFFA65-6057-46AB-8CB6-B0FCA56A6ABC}.Release|x64.Build.0 = Release|x64
		{50CFFA65-6057-46AB-8CB6-B0FCA56A6ABC}.Release|x86.ActiveCfg = Release|Win32
		{50CFFA65-6057-46AB-8CB6-B0FCA56A6ABC}.Release|x86.Build.0 = Release|Win32
	EndGlobalSection
	GlobalSection(SolutionProperties) = preSolution
		HideSolutionNode = FALSE
	EndGlobalSection
	GlobalSection(ExtensibilityGlobals) = postSolution
		SolutionGuid = {47DA2DA4-4669-4464-A1D8-8114301BD5F4}
	EndGlobalSection
EndGlobal
